<?xml version="1.0" encoding="utf-8"?>
<Project ToolsVersion="4.0" xmlns="http://schemas.microsoft.com/developer/msbuild/2003">
  <ItemGroup>
    <Filter Include="Source Files">
      <UniqueIdentifier>{476fcdd6-7bfa-49c8-836d-1ea17700436b}</UniqueIdentifier>
      <Extensions>c</Extensions>
    </Filter>
    <Filter Include="Header Files">
      <UniqueIdentifier>{270ead88-3a7a-4740-b416-0b3204ba1bd2}</UniqueIdentifier>
      <Extensions>h</Extensions>
    </Filter>
    <Filter Include="Resource Files">
      <UniqueIdentifier>{f04f01af-5115-4ff8-982d-5ba326274ae5}</UniqueIdentifier>
    </Filter>
  </ItemGroup>
  <ItemGroup>
    <ClCompile Include="..\..\code\game\bg_lib.c">
      <Filter>Source Files</Filter>
    </ClCompile>
    <ClCompile Include="..\..\code\game\bg_misc.c">
      <Filter>Source Files</Filter>
    </ClCompile>
    <ClCompile Include="..\..\code\game\bg_pmove.c">
      <Filter>Source Files</Filter>
    </ClCompile>
    <ClCompile Include="..\..\code\game\bg_slidemove.c">
      <Filter>Source Files</Filter>
    </ClCompile>
    <ClCompile Include="..\..\code\cgame\cg_atmospheric.c">
      <Filter>Source Files</Filter>
    </ClCompile>
    <ClCompile Include="..\..\code\cgame\cg_consolecmds.c">
      <Filter>Source Files</Filter>
    </ClCompile>
    <ClCompile Include="..\..\code\cgame\cg_draw.c">
      <Filter>Source Files</Filter>
    </ClCompile>
    <ClCompile Include="..\..\code\cgame\cg_drawtools.c">
      <Filter>Source Files</Filter>
    </ClCompile>
    <ClCompile Include="..\..\code\cgame\cg_effects.c">
      <Filter>Source Files</Filter>
    </ClCompile>
    <ClCompile Include="..\..\code\cgame\cg_ents.c">
      <Filter>Source Files</Filter>
    </ClCompile>
    <ClCompile Include="..\..\code\cgame\cg_event.c">
      <Filter>Source Files</Filter>
    </ClCompile>
    <ClCompile Include="..\..\code\cgame\cg_info.c">
      <Filter>Source Files</Filter>
    </ClCompile>
    <ClCompile Include="..\..\code\cgame\cg_localents.c">
      <Filter>Source Files</Filter>
    </ClCompile>
    <ClCompile Include="..\..\code\cgame\cg_main.c">
      <Filter>Source Files</Filter>
    </ClCompile>
    <ClCompile Include="..\..\code\cgame\cg_marks.c">
      <Filter>Source Files</Filter>
    </ClCompile>
    <ClCompile Include="..\..\code\cgame\cg_players.c">
      <Filter>Source Files</Filter>
    </ClCompile>
    <ClCompile Include="..\..\code\cgame\cg_playerstate.c">
      <Filter>Source Files</Filter>
    </ClCompile>
    <ClCompile Include="..\..\code\cgame\cg_predict.c">
      <Filter>Source Files</Filter>
    </ClCompile>
    <ClCompile Include="..\..\code\cgame\cg_scoreboard.c">
      <Filter>Source Files</Filter>
    </ClCompile>
    <ClCompile Include="..\..\code\cgame\cg_servercmds.c">
      <Filter>Source Files</Filter>
    </ClCompile>
    <ClCompile Include="..\..\code\cgame\cg_snapshot.c">
      <Filter>Source Files</Filter>
    </ClCompile>
    <ClCompile Include="..\..\code\cgame\cg_syscalls.c">
      <Filter>Source Files</Filter>
    </ClCompile>
    <ClCompile Include="..\..\code\cgame\cg_unlagged.c">
      <Filter>Source Files</Filter>
    </ClCompile>
    <ClCompile Include="..\..\code\cgame\cg_view.c">
      <Filter>Source Files</Filter>
    </ClCompile>
    <ClCompile Include="..\..\code\cgame\cg_weapons.c">
      <Filter>Source Files</Filter>
    </ClCompile>
    <ClCompile Include="..\..\code\qcommon\q_math.c">
      <Filter>Source Files</Filter>
    </ClCompile>
    <ClCompile Include="..\..\code\qcommon\q_shared.c">
      <Filter>Source Files</Filter>
    </ClCompile>
  </ItemGroup>
  <ItemGroup>
    <ClInclude Include="..\..\code\game\bg_public.h">
      <Filter>Header Files</Filter>
    </ClInclude>
    <ClInclude Include="..\..\code\cgame\cg_local.h">
      <Filter>Header Files</Filter>
    </ClInclude>
    <ClInclude Include="..\..\code\cgame\cg_public.h">
      <Filter>Header Files</Filter>
    </ClInclude>
    <ClInclude Include="..\..\code\qcommon\q_shared.h">
      <Filter>Header Files</Filter>
    </ClInclude>
    <ClInclude Include="..\..\code\qcommon\surfaceflags.h">
      <Filter>Header Files</Filter>
    </ClInclude>
  </ItemGroup>
  <ItemGroup>
    <None Include="cgame.def">
      <Filter>Resource Files</Filter>
    </None>
  </ItemGroup>
</Project>