<?xml version="1.0" encoding="utf-8"?>
<Project ToolsVersion="4.0" xmlns="http://schemas.microsoft.com/developer/msbuild/2003">
  <ItemGroup>
    <Filter Include="Source Files">
      <UniqueIdentifier>{564b5a05-f6f6-4cd6-b625-3353e394403e}</UniqueIdentifier>
      <Extensions>cpp;c;cxx;rc;def;r;odl;hpj;bat;for;f90</Extensions>
    </Filter>
    <Filter Include="Header Files">
      <UniqueIdentifier>{0624342a-3110-4ea4-a770-876d4909efeb}</UniqueIdentifier>
      <Extensions>h;hpp;hxx;hm;inl;fi;fd</Extensions>
    </Filter>
    <Filter Include="Resource Files">
      <UniqueIdentifier>{d29631d4-0607-4846-b916-0d111498587c}</UniqueIdentifier>
      <Extensions>ico;cur;bmp;dlg;rc2;rct;bin;cnt;rtf;gif;jpg;jpeg;jpe</Extensions>
    </Filter>
    <Filter Include="jpeg">
      <UniqueIdentifier>{5b8b7df4-1145-446a-92a4-cf75448145e9}</UniqueIdentifier>
    </Filter>
    <Filter Include="jpeg\Source Files">
      <UniqueIdentifier>{840555e8-a2a3-4f6f-a043-1914ea6e6bce}</UniqueIdentifier>
    </Filter>
    <Filter Include="jpeg\Header Files">
      <UniqueIdentifier>{b2bc9a55-6fa1-481d-bce3-8324a54b5339}</UniqueIdentifier>
    </Filter>
    <Filter Include="zlib">
      <UniqueIdentifier>{46a5127c-153f-4093-b287-d87b265fb291}</UniqueIdentifier>
    </Filter>
    <Filter Include="glsl">
      <UniqueIdentifier>{e022e9d5-bc71-484e-86e2-ca3b30e205d4}</UniqueIdentifier>
    </Filter>
    <Filter Include="glsl\generated">
      <UniqueIdentifier>{b49f371c-19dd-465e-90df-3c0d858f1407}</UniqueIdentifier>
    </Filter>
  </ItemGroup>
  <ItemGroup>
    <ClCompile Include="..\..\code\qcommon\puff.c">
      <Filter>Source Files</Filter>
    </ClCompile>
    <ClCompile Include="..\..\code\qcommon\q_math.c">
      <Filter>Source Files</Filter>
    </ClCompile>
    <ClCompile Include="..\..\code\qcommon\q_shared.c">
      <Filter>Source Files</Filter>
    </ClCompile>
    <ClCompile Include="..\..\code\sdl\sdl_gamma.c">
      <Filter>Source Files</Filter>
    </ClCompile>
    <ClCompile Include="..\..\code\sdl\sdl_glimp.c">
      <Filter>Source Files</Filter>
    </ClCompile>
    <ClCompile Include="..\..\code\renderercommon\tr_image_bmp.c">
      <Filter>Source Files</Filter>
    </ClCompile>
    <ClCompile Include="..\..\code\renderercommon\tr_image_jpg.c">
      <Filter>Source Files</Filter>
    </ClCompile>
    <ClCompile Include="..\..\code\renderercommon\tr_image_pcx.c">
      <Filter>Source Files</Filter>
    </ClCompile>
    <ClCompile Include="..\..\code\renderercommon\tr_image_png.c">
      <Filter>Source Files</Filter>
    </ClCompile>
    <ClCompile Include="..\..\code\renderercommon\tr_image_tga.c">
      <Filter>Source Files</Filter>
    </ClCompile>
    <ClCompile Include="..\..\code\jpeg-8c\jaricom.c">
      <Filter>jpeg\Source Files</Filter>
    </ClCompile>
    <ClCompile Include="..\..\code\jpeg-8c\jcapimin.c">
      <Filter>jpeg\Source Files</Filter>
    </ClCompile>
    <ClCompile Include="..\..\code\jpeg-8c\jcapistd.c">
      <Filter>jpeg\Source Files</Filter>
    </ClCompile>
    <ClCompile Include="..\..\code\jpeg-8c\jcarith.c">
      <Filter>jpeg\Source Files</Filter>
    </ClCompile>
    <ClCompile Include="..\..\code\jpeg-8c\jccoefct.c">
      <Filter>jpeg\Source Files</Filter>
    </ClCompile>
    <ClCompile Include="..\..\code\jpeg-8c\jccolor.c">
      <Filter>jpeg\Source Files</Filter>
    </ClCompile>
    <ClCompile Include="..\..\code\jpeg-8c\jcdctmgr.c">
      <Filter>jpeg\Source Files</Filter>
    </ClCompile>
    <ClCompile Include="..\..\code\jpeg-8c\jchuff.c">
      <Filter>jpeg\Source Files</Filter>
    </ClCompile>
    <ClCompile Include="..\..\code\jpeg-8c\jcinit.c">
      <Filter>jpeg\Source Files</Filter>
    </ClCompile>
    <ClCompile Include="..\..\code\jpeg-8c\jcmainct.c">
      <Filter>jpeg\Source Files</Filter>
    </ClCompile>
    <ClCompile Include="..\..\code\jpeg-8c\jcmarker.c">
      <Filter>jpeg\Source Files</Filter>
    </ClCompile>
    <ClCompile Include="..\..\code\jpeg-8c\jcmaster.c">
      <Filter>jpeg\Source Files</Filter>
    </ClCompile>
    <ClCompile Include="..\..\code\jpeg-8c\jcomapi.c">
      <Filter>jpeg\Source Files</Filter>
    </ClCompile>
    <ClCompile Include="..\..\code\jpeg-8c\jcparam.c">
      <Filter>jpeg\Source Files</Filter>
    </ClCompile>
    <ClCompile Include="..\..\code\jpeg-8c\jcprepct.c">
      <Filter>jpeg\Source Files</Filter>
    </ClCompile>
    <ClCompile Include="..\..\code\jpeg-8c\jcsample.c">
      <Filter>jpeg\Source Files</Filter>
    </ClCompile>
    <ClCompile Include="..\..\code\jpeg-8c\jctrans.c">
      <Filter>jpeg\Source Files</Filter>
    </ClCompile>
    <ClCompile Include="..\..\code\jpeg-8c\jdapimin.c">
      <Filter>jpeg\Source Files</Filter>
    </ClCompile>
    <ClCompile Include="..\..\code\jpeg-8c\jdapistd.c">
      <Filter>jpeg\Source Files</Filter>
    </ClCompile>
    <ClCompile Include="..\..\code\jpeg-8c\jdarith.c">
      <Filter>jpeg\Source Files</Filter>
    </ClCompile>
    <ClCompile Include="..\..\code\jpeg-8c\jdatadst.c">
      <Filter>jpeg\Source Files</Filter>
    </ClCompile>
    <ClCompile Include="..\..\code\jpeg-8c\jdatasrc.c">
      <Filter>jpeg\Source Files</Filter>
    </ClCompile>
    <ClCompile Include="..\..\code\jpeg-8c\jdcoefct.c">
      <Filter>jpeg\Source Files</Filter>
    </ClCompile>
    <ClCompile Include="..\..\code\jpeg-8c\jdcolor.c">
      <Filter>jpeg\Source Files</Filter>
    </ClCompile>
    <ClCompile Include="..\..\code\jpeg-8c\jddctmgr.c">
      <Filter>jpeg\Source Files</Filter>
    </ClCompile>
    <ClCompile Include="..\..\code\jpeg-8c\jdhuff.c">
      <Filter>jpeg\Source Files</Filter>
    </ClCompile>
    <ClCompile Include="..\..\code\jpeg-8c\jdinput.c">
      <Filter>jpeg\Source Files</Filter>
    </ClCompile>
    <ClCompile Include="..\..\code\jpeg-8c\jdmainct.c">
      <Filter>jpeg\Source Files</Filter>
    </ClCompile>
    <ClCompile Include="..\..\code\jpeg-8c\jdmarker.c">
      <Filter>jpeg\Source Files</Filter>
    </ClCompile>
    <ClCompile Include="..\..\code\jpeg-8c\jdmaster.c">
      <Filter>jpeg\Source Files</Filter>
    </ClCompile>
    <ClCompile Include="..\..\code\jpeg-8c\jdmerge.c">
      <Filter>jpeg\Source Files</Filter>
    </ClCompile>
    <ClCompile Include="..\..\code\jpeg-8c\jdpostct.c">
      <Filter>jpeg\Source Files</Filter>
    </ClCompile>
    <ClCompile Include="..\..\code\jpeg-8c\jdsample.c">
      <Filter>jpeg\Source Files</Filter>
    </ClCompile>
    <ClCompile Include="..\..\code\jpeg-8c\jdtrans.c">
      <Filter>jpeg\Source Files</Filter>
    </ClCompile>
    <ClCompile Include="..\..\code\jpeg-8c\jerror.c">
      <Filter>jpeg\Source Files</Filter>
    </ClCompile>
    <ClCompile Include="..\..\code\jpeg-8c\jfdctflt.c">
      <Filter>jpeg\Source Files</Filter>
    </ClCompile>
    <ClCompile Include="..\..\code\jpeg-8c\jfdctfst.c">
      <Filter>jpeg\Source Files</Filter>
    </ClCompile>
    <ClCompile Include="..\..\code\jpeg-8c\jfdctint.c">
      <Filter>jpeg\Source Files</Filter>
    </ClCompile>
    <ClCompile Include="..\..\code\jpeg-8c\jidctflt.c">
      <Filter>jpeg\Source Files</Filter>
    </ClCompile>
    <ClCompile Include="..\..\code\jpeg-8c\jidctfst.c">
      <Filter>jpeg\Source Files</Filter>
    </ClCompile>
    <ClCompile Include="..\..\code\jpeg-8c\jidctint.c">
      <Filter>jpeg\Source Files</Filter>
    </ClCompile>
    <ClCompile Include="..\..\code\jpeg-8c\jmemmgr.c">
      <Filter>jpeg\Source Files</Filter>
    </ClCompile>
    <ClCompile Include="..\..\code\jpeg-8c\jmemnobs.c">
      <Filter>jpeg\Source Files</Filter>
    </ClCompile>
    <ClCompile Include="..\..\code\jpeg-8c\jquant1.c">
      <Filter>jpeg\Source Files</Filter>
    </ClCompile>
    <ClCompile Include="..\..\code\jpeg-8c\jquant2.c">
      <Filter>jpeg\Source Files</Filter>
    </ClCompile>
    <ClCompile Include="..\..\code\jpeg-8c\jutils.c">
      <Filter>jpeg\Source Files</Filter>
    </ClCompile>
    <ClCompile Include="..\..\code\zlib\adler32.c">
      <Filter>zlib</Filter>
    </ClCompile>
    <ClCompile Include="..\..\code\zlib\crc32.c">
      <Filter>zlib</Filter>
    </ClCompile>
    <ClCompile Include="..\..\code\zlib\inffast.c">
      <Filter>zlib</Filter>
    </ClCompile>
    <ClCompile Include="..\..\code\zlib\inflate.c">
      <Filter>zlib</Filter>
    </ClCompile>
    <ClCompile Include="..\..\code\zlib\inftrees.c">
      <Filter>zlib</Filter>
    </ClCompile>
    <ClCompile Include="..\..\code\zlib\zutil.c">
      <Filter>zlib</Filter>
    </ClCompile>
    <ClCompile Include="..\..\code\renderergl2\tr_glsl.c">
      <Filter>Source Files</Filter>
    </ClCompile>
    <ClCompile Include="..\..\code\renderergl2\tr_image.c">
      <Filter>Source Files</Filter>
    </ClCompile>
    <ClCompile Include="..\..\code\renderergl2\tr_init.c">
      <Filter>Source Files</Filter>
    </ClCompile>
    <ClCompile Include="..\..\code\renderergl2\tr_light.c">
      <Filter>Source Files</Filter>
    </ClCompile>
    <ClCompile Include="..\..\code\renderergl2\tr_main.c">
      <Filter>Source Files</Filter>
    </ClCompile>
    <ClCompile Include="..\..\code\renderergl2\tr_marks.c">
      <Filter>Source Files</Filter>
    </ClCompile>
    <ClCompile Include="..\..\code\renderergl2\tr_mesh.c">
      <Filter>Source Files</Filter>
    </ClCompile>
    <ClCompile Include="..\..\code\renderergl2\tr_model.c">
      <Filter>Source Files</Filter>
    </ClCompile>
    <ClCompile Include="..\..\code\renderergl2\tr_model_iqm.c">
      <Filter>Source Files</Filter>
    </ClCompile>
    <ClCompile Include="..\..\code\renderergl2\tr_postprocess.c">
      <Filter>Source Files</Filter>
    </ClCompile>
    <ClCompile Include="..\..\code\renderergl2\tr_scene.c">
      <Filter>Source Files</Filter>
    </ClCompile>
    <ClCompile Include="..\..\code\renderergl2\tr_shade.c">
      <Filter>Source Files</Filter>
    </ClCompile>
    <ClCompile Include="..\..\code\renderergl2\tr_shade_calc.c">
      <Filter>Source Files</Filter>
    </ClCompile>
    <ClCompile Include="..\..\code\renderergl2\tr_shader.c">
      <Filter>Source Files</Filter>
    </ClCompile>
    <ClCompile Include="..\..\code\renderergl2\tr_shadows.c">
      <Filter>Source Files</Filter>
    </ClCompile>
    <ClCompile Include="..\..\code\renderergl2\tr_sky.c">
      <Filter>Source Files</Filter>
    </ClCompile>
    <ClCompile Include="..\..\code\renderergl2\tr_subs.c">
      <Filter>Source Files</Filter>
    </ClCompile>
    <ClCompile Include="..\..\code\renderergl2\tr_surface.c">
      <Filter>Source Files</Filter>
    </ClCompile>
    <ClCompile Include="..\..\code\renderergl2\tr_vbo.c">
      <Filter>Source Files</Filter>
    </ClCompile>
    <ClCompile Include="..\..\code\renderergl2\tr_world.c">
      <Filter>Source Files</Filter>
    </ClCompile>
    <ClCompile Include="..\..\code\renderergl2\tr_animation.c">
      <Filter>Source Files</Filter>
    </ClCompile>
    <ClCompile Include="..\..\code\renderergl2\tr_backend.c">
      <Filter>Source Files</Filter>
    </ClCompile>
    <ClCompile Include="..\..\code\renderergl2\tr_bsp.c">
      <Filter>Source Files</Filter>
    </ClCompile>
    <ClCompile Include="..\..\code\renderergl2\tr_cmds.c">
      <Filter>Source Files</Filter>
    </ClCompile>
    <ClCompile Include="..\..\code\renderergl2\tr_curve.c">
      <Filter>Source Files</Filter>
    </ClCompile>
    <ClCompile Include="..\..\code\renderergl2\tr_extensions.c">
      <Filter>Source Files</Filter>
    </ClCompile>
    <ClCompile Include="..\..\code\renderergl2\tr_extramath.c">
      <Filter>Source Files</Filter>
    </ClCompile>
    <ClCompile Include="..\..\code\renderergl2\tr_fbo.c">
      <Filter>Source Files</Filter>
    </ClCompile>
    <ClCompile Include="..\..\code\renderergl2\tr_flares.c">
      <Filter>Source Files</Filter>
    </ClCompile>
    <ClCompile Include="..\..\code\renderercommon\tr_font.c">
      <Filter>Source Files</Filter>
    </ClCompile>
    <ClCompile Include="..\..\code\renderercommon\tr_noise.c">
      <Filter>Source Files</Filter>
    </ClCompile>
    <ClCompile Include="..\..\code\renderergl2\glsl\bokeh_fp.glsl.c">
      <Filter>glsl\generated</Filter>
    </ClCompile>
    <ClCompile Include="..\..\code\renderergl2\glsl\bokeh_vp.glsl.c">
      <Filter>glsl\generated</Filter>
    </ClCompile>
    <ClCompile Include="..\..\code\renderergl2\glsl\calclevels4x_fp.glsl.c">
      <Filter>glsl\generated</Filter>
    </ClCompile>
    <ClCompile Include="..\..\code\renderergl2\glsl\calclevels4x_vp.glsl.c">
      <Filter>glsl\generated</Filter>
    </ClCompile>
    <ClCompile Include="..\..\code\renderergl2\glsl\depthblur_fp.glsl.c">
      <Filter>glsl\generated</Filter>
    </ClCompile>
    <ClCompile Include="..\..\code\renderergl2\glsl\depthblur_vp.glsl.c">
      <Filter>glsl\generated</Filter>
    </ClCompile>
    <ClCompile Include="..\..\code\renderergl2\glsl\dlight_fp.glsl.c">
      <Filter>glsl\generated</Filter>
    </ClCompile>
    <ClCompile Include="..\..\code\renderergl2\glsl\dlight_vp.glsl.c">
      <Filter>glsl\generated</Filter>
    </ClCompile>
    <ClCompile Include="..\..\code\renderergl2\glsl\down4x_fp.glsl.c">
      <Filter>glsl\generated</Filter>
    </ClCompile>
    <ClCompile Include="..\..\code\renderergl2\glsl\down4x_vp.glsl.c">
      <Filter>glsl\generated</Filter>
    </ClCompile>
    <ClCompile Include="..\..\code\renderergl2\glsl\fogpass_fp.glsl.c">
      <Filter>glsl\generated</Filter>
    </ClCompile>
    <ClCompile Include="..\..\code\renderergl2\glsl\fogpass_vp.glsl.c">
      <Filter>glsl\generated</Filter>
    </ClCompile>
    <ClCompile Include="..\..\code\renderergl2\glsl\generic_fp.glsl.c">
      <Filter>glsl\generated</Filter>
    </ClCompile>
    <ClCompile Include="..\..\code\renderergl2\glsl\generic_vp.glsl.c">
      <Filter>glsl\generated</Filter>
    </ClCompile>
    <ClCompile Include="..\..\code\renderergl2\glsl\lightall_fp.glsl.c">
      <Filter>glsl\generated</Filter>
    </ClCompile>
    <ClCompile Include="..\..\code\renderergl2\glsl\lightall_vp.glsl.c">
      <Filter>glsl\generated</Filter>
    </ClCompile>
    <ClCompile Include="..\..\code\renderergl2\glsl\pshadow_fp.glsl.c">
      <Filter>glsl\generated</Filter>
    </ClCompile>
    <ClCompile Include="..\..\code\renderergl2\glsl\pshadow_vp.glsl.c">
      <Filter>glsl\generated</Filter>
    </ClCompile>
    <ClCompile Include="..\..\code\renderergl2\glsl\shadowfill_fp.glsl.c">
      <Filter>glsl\generated</Filter>
    </ClCompile>
    <ClCompile Include="..\..\code\renderergl2\glsl\shadowfill_vp.glsl.c">
      <Filter>glsl\generated</Filter>
    </ClCompile>
    <ClCompile Include="..\..\code\renderergl2\glsl\shadowmask_fp.glsl.c">
      <Filter>glsl\generated</Filter>
    </ClCompile>
    <ClCompile Include="..\..\code\renderergl2\glsl\shadowmask_vp.glsl.c">
      <Filter>glsl\generated</Filter>
    </ClCompile>
    <ClCompile Include="..\..\code\renderergl2\glsl\ssao_fp.glsl.c">
      <Filter>glsl\generated</Filter>
    </ClCompile>
    <ClCompile Include="..\..\code\renderergl2\glsl\ssao_vp.glsl.c">
      <Filter>glsl\generated</Filter>
    </ClCompile>
    <ClCompile Include="..\..\code\renderergl2\glsl\texturecolor_fp.glsl.c">
      <Filter>glsl\generated</Filter>
    </ClCompile>
    <ClCompile Include="..\..\code\renderergl2\glsl\texturecolor_vp.glsl.c">
      <Filter>glsl\generated</Filter>
    </ClCompile>
    <ClCompile Include="..\..\code\renderergl2\glsl\tonemap_fp.glsl.c">
      <Filter>glsl\generated</Filter>
    </ClCompile>
    <ClCompile Include="..\..\code\renderergl2\glsl\tonemap_vp.glsl.c">
      <Filter>glsl\generated</Filter>
    </ClCompile>
  </ItemGroup>
  <ItemGroup>
    <ClInclude Include="..\..\code\qcommon\puff.h">
      <Filter>Header Files</Filter>
    </ClInclude>
    <ClInclude Include="..\..\code\qcommon\q_shared.h">
      <Filter>Header Files</Filter>
    </ClInclude>
    <ClInclude Include="..\..\code\qcommon\qcommon.h">
      <Filter>Header Files</Filter>
    </ClInclude>
    <ClInclude Include="..\..\code\qcommon\qfiles.h">
      <Filter>Header Files</Filter>
    </ClInclude>
    <ClInclude Include="..\..\code\renderercommon\qgl.h">
      <Filter>Header Files</Filter>
    </ClInclude>
    <ClInclude Include="..\..\code\server\server.h">
      <Filter>Header Files</Filter>
    </ClInclude>
    <ClInclude Include="..\..\code\client\snd_local.h">
      <Filter>Header Files</Filter>
    </ClInclude>
    <ClInclude Include="..\..\code\client\snd_public.h">
      <Filter>Header Files</Filter>
    </ClInclude>
    <ClInclude Include="..\..\code\qcommon\surfaceflags.h">
      <Filter>Header Files</Filter>
    </ClInclude>
    <ClInclude Include="..\..\code\renderercommon\tr_public.h">
      <Filter>Header Files</Filter>
    </ClInclude>
    <ClInclude Include="..\..\code\ui\ui_public.h">
      <Filter>Header Files</Filter>
    </ClInclude>
    <ClInclude Include="..\..\code\qcommon\unzip.h">
      <Filter>Header Files</Filter>
    </ClInclude>
    <ClInclude Include="..\..\code\qcommon\vm_local.h">
      <Filter>Header Files</Filter>
    </ClInclude>
    <ClInclude Include="..\..\code\jpeg-6b\jchuff.h">
      <Filter>jpeg\Header Files</Filter>
    </ClInclude>
    <ClInclude Include="..\..\code\jpeg-6b\jconfig.h">
      <Filter>jpeg\Header Files</Filter>
    </ClInclude>
    <ClInclude Include="..\..\code\jpeg-6b\jdct.h">
      <Filter>jpeg\Header Files</Filter>
    </ClInclude>
    <ClInclude Include="..\..\code\jpeg-6b\jdhuff.h">
      <Filter>jpeg\Header Files</Filter>
    </ClInclude>
    <ClInclude Include="..\..\code\jpeg-6b\jerror.h">
      <Filter>jpeg\Header Files</Filter>
    </ClInclude>
    <ClInclude Include="..\..\code\jpeg-6b\jinclude.h">
      <Filter>jpeg\Header Files</Filter>
    </ClInclude>
    <ClInclude Include="..\..\code\jpeg-6b\jmemsys.h">
      <Filter>jpeg\Header Files</Filter>
    </ClInclude>
    <ClInclude Include="..\..\code\jpeg-6b\jmorecfg.h">
      <Filter>jpeg\Header Files</Filter>
    </ClInclude>
    <ClInclude Include="..\..\code\jpeg-6b\jpegint.h">
      <Filter>jpeg\Header Files</Filter>
    </ClInclude>
    <ClInclude Include="..\..\code\jpeg-6b\jpeglib.h">
      <Filter>jpeg\Header Files</Filter>
    </ClInclude>
    <ClInclude Include="..\..\code\jpeg-6b\jversion.h">
      <Filter>jpeg\Header Files</Filter>
    </ClInclude>
    <ClInclude Include="..\..\code\renderergl2\tr_extramath.h">
      <Filter>Header Files</Filter>
    </ClInclude>
    <ClInclude Include="..\..\code\renderergl2\tr_extratypes.h">
      <Filter>Header Files</Filter>
    </ClInclude>
    <ClInclude Include="..\..\code\renderergl2\tr_fbo.h">
      <Filter>Header Files</Filter>
    </ClInclude>
    <ClInclude Include="..\..\code\renderergl2\tr_local.h">
      <Filter>Header Files</Filter>
    </ClInclude>
    <ClInclude Include="..\..\code\renderergl2\tr_postprocess.h">
      <Filter>Header Files</Filter>
    </ClInclude>
  </ItemGroup>
  <ItemGroup>
    <CustomBuild Include="..\..\code\renderergl2\glsl\bokeh_fp.glsl">
      <Filter>glsl</Filter>
    </CustomBuild>
    <CustomBuild Include="..\..\code\renderergl2\glsl\tonemap_fp.glsl">
      <Filter>glsl</Filter>
    </CustomBuild>
    <CustomBuild Include="..\..\code\renderergl2\glsl\texturecolor_vp.glsl">
      <Filter>glsl</Filter>
    </CustomBuild>
    <CustomBuild Include="..\..\code\renderergl2\glsl\texturecolor_fp.glsl">
      <Filter>glsl</Filter>
    </CustomBuild>
    <CustomBuild Include="..\..\code\renderergl2\glsl\ssao_vp.glsl">
      <Filter>glsl</Filter>
    </CustomBuild>
    <CustomBuild Include="..\..\code\renderergl2\glsl\ssao_fp.glsl">
      <Filter>glsl</Filter>
    </CustomBuild>
    <CustomBuild Include="..\..\code\renderergl2\glsl\shadowmask_vp.glsl">
      <Filter>glsl</Filter>
    </CustomBuild>
    <CustomBuild Include="..\..\code\renderergl2\glsl\shadowmask_fp.glsl">
      <Filter>glsl</Filter>
    </CustomBuild>
    <CustomBuild Include="..\..\code\renderergl2\glsl\shadowfill_vp.glsl">
      <Filter>glsl</Filter>
    </CustomBuild>
    <CustomBuild Include="..\..\code\renderergl2\glsl\shadowfill_fp.glsl">
      <Filter>glsl</Filter>
    </CustomBuild>
    <CustomBuild Include="..\..\code\renderergl2\glsl\pshadow_vp.glsl">
      <Filter>glsl</Filter>
    </CustomBuild>
    <CustomBuild Include="..\..\code\renderergl2\glsl\pshadow_fp.glsl">
      <Filter>glsl</Filter>
    </CustomBuild>
    <CustomBuild Include="..\..\code\renderergl2\glsl\lightall_vp.glsl">
      <Filter>glsl</Filter>
    </CustomBuild>
    <CustomBuild Include="..\..\code\renderergl2\glsl\lightall_fp.glsl">
      <Filter>glsl</Filter>
    </CustomBuild>
    <CustomBuild Include="..\..\code\renderergl2\glsl\generic_vp.glsl">
      <Filter>glsl</Filter>
    </CustomBuild>
    <CustomBuild Include="..\..\code\renderergl2\glsl\generic_fp.glsl">
      <Filter>glsl</Filter>
    </CustomBuild>
    <CustomBuild Include="..\..\code\renderergl2\glsl\fogpass_vp.glsl">
      <Filter>glsl</Filter>
    </CustomBuild>
    <CustomBuild Include="..\..\code\renderergl2\glsl\fogpass_fp.glsl">
      <Filter>glsl</Filter>
    </CustomBuild>
    <CustomBuild Include="..\..\code\renderergl2\glsl\down4x_vp.glsl">
      <Filter>glsl</Filter>
    </CustomBuild>
    <CustomBuild Include="..\..\code\renderergl2\glsl\down4x_fp.glsl">
      <Filter>glsl</Filter>
    </CustomBuild>
    <CustomBuild Include="..\..\code\renderergl2\glsl\dlight_vp.glsl">
      <Filter>glsl</Filter>
    </CustomBuild>
    <CustomBuild Include="..\..\code\renderergl2\glsl\dlight_fp.glsl">
      <Filter>glsl</Filter>
    </CustomBuild>
    <CustomBuild Include="..\..\code\renderergl2\glsl\depthblur_vp.glsl">
      <Filter>glsl</Filter>
    </CustomBuild>
    <CustomBuild Include="..\..\code\renderergl2\glsl\depthblur_fp.glsl">
      <Filter>glsl</Filter>
    </CustomBuild>
    <CustomBuild Include="..\..\code\renderergl2\glsl\calclevels4x_vp.glsl">
      <Filter>glsl</Filter>
    </CustomBuild>
    <CustomBuild Include="..\..\code\renderergl2\glsl\calclevels4x_fp.glsl">
      <Filter>glsl</Filter>
    </CustomBuild>
    <CustomBuild Include="..\..\code\renderergl2\glsl\bokeh_vp.glsl">
      <Filter>glsl</Filter>
    </CustomBuild>
    <CustomBuild Include="..\..\code\renderergl2\glsl\tonemap_vp.glsl">
      <Filter>glsl</Filter>
    </CustomBuild>
  </ItemGroup>
</Project>